// !$*UTF8*$!
{
	archiveVersion = 1;
	classes = {
	};
	objectVersion = 56;
	objects = {

/* Begin PBXBuildFile section */
		A5AEC9FC2AC6C8B5007F10AD /* AppDelegate.swift in Sources */ = {isa = PBXBuildFile; fileRef = A5AEC9FB2AC6C8B5007F10AD /* AppDelegate.swift */; };
		A5AEC9FE2AC6C8B5007F10AD /* SceneDelegate.swift in Sources */ = {isa = PBXBuildFile; fileRef = A5AEC9FD2AC6C8B5007F10AD /* SceneDelegate.swift */; };
		A5AECA002AC6C8B5007F10AD /* ViewController.swift in Sources */ = {isa = PBXBuildFile; fileRef = A5AEC9FF2AC6C8B5007F10AD /* ViewController.swift */; };
		A5AECA032AC6C8B5007F10AD /* Main.storyboard in Resources */ = {isa = PBXBuildFile; fileRef = A5AECA012AC6C8B5007F10AD /* Main.storyboard */; };
		A5AECA052AC6C8B8007F10AD /* Assets.xcassets in Resources */ = {isa = PBXBuildFile; fileRef = A5AECA042AC6C8B8007F10AD /* Assets.xcassets */; };
		A5AECA082AC6C8B8007F10AD /* LaunchScreen.storyboard in Resources */ = {isa = PBXBuildFile; fileRef = A5AECA062AC6C8B8007F10AD /* LaunchScreen.storyboard */; };
		A5AECA132AC6C8B8007F10AD /* VendingMachineTests.swift in Sources */ = {isa = PBXBuildFile; fileRef = A5AECA122AC6C8B8007F10AD /* VendingMachineTests.swift */; };
		A5AECA1D2AC6C8B9007F10AD /* VendingMachineUITests.swift in Sources */ = {isa = PBXBuildFile; fileRef = A5AECA1C2AC6C8B9007F10AD /* VendingMachineUITests.swift */; };
		A5AECA1F2AC6C8B9007F10AD /* VendingMachineUITestsLaunchTests.swift in Sources */ = {isa = PBXBuildFile; fileRef = A5AECA1E2AC6C8B9007F10AD /* VendingMachineUITestsLaunchTests.swift */; };
/* End PBXBuildFile section */

/* Begin PBXContainerItemProxy section */
		A5AECA0F2AC6C8B8007F10AD /* PBXContainerItemProxy */ = {
			isa = PBXContainerItemProxy;
			containerPortal = A5AEC9F02AC6C8B5007F10AD /* Project object */;
			proxyType = 1;
			remoteGlobalIDString = A5AEC9F72AC6C8B5007F10AD;
			remoteInfo = VendingMachine;
		};
		A5AECA192AC6C8B9007F10AD /* PBXContainerItemProxy */ = {
			isa = PBXContainerItemProxy;
			containerPortal = A5AEC9F02AC6C8B5007F10AD /* Project object */;
			proxyType = 1;
			remoteGlobalIDString = A5AEC9F72AC6C8B5007F10AD;
			remoteInfo = VendingMachine;
		};
/* End PBXContainerItemProxy section */

/* Begin PBXFileReference section */
		A5AEC9F82AC6C8B5007F10AD /* VendingMachine.app */ = {isa = PBXFileReference; explicitFileType = wrapper.application; includeInIndex = 0; path = VendingMachine.app; sourceTree = BUILT_PRODUCTS_DIR; };
		A5AEC9FB2AC6C8B5007F10AD /* AppDelegate.swift */ = {isa = PBXFileReference; lastKnownFileType = sourcecode.swift; path = AppDelegate.swift; sourceTree = "<group>"; };
		A5AEC9FD2AC6C8B5007F10AD /* SceneDelegate.swift */ = {isa = PBXFileReference; lastKnownFileType = sourcecode.swift; path = SceneDelegate.swift; sourceTree = "<group>"; };
		A5AEC9FF2AC6C8B5007F10AD /* ViewController.swift */ = {isa = PBXFileReference; lastKnownFileType = sourcecode.swift; path = ViewController.swift; sourceTree = "<group>"; };
		A5AECA022AC6C8B5007F10AD /* Base */ = {isa = PBXFileReference; lastKnownFileType = file.storyboard; name = Base; path = Base.lproj/Main.storyboard; sourceTree = "<group>"; };
		A5AECA042AC6C8B8007F10AD /* Assets.xcassets */ = {isa = PBXFileReference; lastKnownFileType = folder.assetcatalog; path = Assets.xcassets; sourceTree = "<group>"; };
		A5AECA072AC6C8B8007F10AD /* Base */ = {isa = PBXFileReference; lastKnownFileType = file.storyboard; name = Base; path = Base.lproj/LaunchScreen.storyboard; sourceTree = "<group>"; };
		A5AECA092AC6C8B8007F10AD /* Info.plist */ = {isa = PBXFileReference; lastKnownFileType = text.plist.xml; path = Info.plist; sourceTree = "<group>"; };
		A5AECA0E2AC6C8B8007F10AD /* VendingMachineTests.xctest */ = {isa = PBXFileReference; explicitFileType = wrapper.cfbundle; includeInIndex = 0; path = VendingMachineTests.xctest; sourceTree = BUILT_PRODUCTS_DIR; };
		A5AECA122AC6C8B8007F10AD /* VendingMachineTests.swift */ = {isa = PBXFileReference; lastKnownFileType = sourcecode.swift; path = VendingMachineTests.swift; sourceTree = "<group>"; };
		A5AECA182AC6C8B9007F10AD /* VendingMachineUITests.xctest */ = {isa = PBXFileReference; explicitFileType = wrapper.cfbundle; includeInIndex = 0; path = VendingMachineUITests.xctest; sourceTree = BUILT_PRODUCTS_DIR; };
		A5AECA1C2AC6C8B9007F10AD /* VendingMachineUITests.swift */ = {isa = PBXFileReference; lastKnownFileType = sourcecode.swift; path = VendingMachineUITests.swift; sourceTree = "<group>"; };
		A5AECA1E2AC6C8B9007F10AD /* VendingMachineUITestsLaunchTests.swift */ = {isa = PBXFileReference; lastKnownFileType = sourcecode.swift; path = VendingMachineUITestsLaunchTests.swift; sourceTree = "<group>"; };
/* End PBXFileReference section */

/* Begin PBXFrameworksBuildPhase section */
		A5AEC9F52AC6C8B5007F10AD /* Frameworks */ = {
			isa = PBXFrameworksBuildPhase;
			buildActionMask = 2147483647;
			files = (
			);
			runOnlyForDeploymentPostprocessing = 0;
		};
		A5AECA0B2AC6C8B8007F10AD /* Frameworks */ = {
			isa = PBXFrameworksBuildPhase;
			buildActionMask = 2147483647;
			files = (
			);
			runOnlyForDeploymentPostprocessing = 0;
		};
		A5AECA152AC6C8B9007F10AD /* Frameworks */ = {
			isa = PBXFrameworksBuildPhase;
			buildActionMask = 2147483647;
			files = (
			);
			runOnlyForDeploymentPostprocessing = 0;
		};
/* End PBXFrameworksBuildPhase section */

/* Begin PBXGroup section */
		A5AEC9EF2AC6C8B5007F10AD = {
			isa = PBXGroup;
			children = (
				A5AEC9FA2AC6C8B5007F10AD /* VendingMachine */,
				A5AECA112AC6C8B8007F10AD /* VendingMachineTests */,
				A5AECA1B2AC6C8B9007F10AD /* VendingMachineUITests */,
				A5AEC9F92AC6C8B5007F10AD /* Products */,
			);
			sourceTree = "<group>";
		};
		A5AEC9F92AC6C8B5007F10AD /* Products */ = {
			isa = PBXGroup;
			children = (
				A5AEC9F82AC6C8B5007F10AD /* VendingMachine.app */,
				A5AECA0E2AC6C8B8007F10AD /* VendingMachineTests.xctest */,
				A5AECA182AC6C8B9007F10AD /* VendingMachineUITests.xctest */,
			);
			name = Products;
			sourceTree = "<group>";
		};
		A5AEC9FA2AC6C8B5007F10AD /* VendingMachine */ = {
			isa = PBXGroup;
			children = (
				A5AEC9FB2AC6C8B5007F10AD /* AppDelegate.swift */,
				A5AEC9FD2AC6C8B5007F10AD /* SceneDelegate.swift */,
				A5AEC9FF2AC6C8B5007F10AD /* ViewController.swift */,
				A5AECA012AC6C8B5007F10AD /* Main.storyboard */,
				A5AECA042AC6C8B8007F10AD /* Assets.xcassets */,
				A5AECA062AC6C8B8007F10AD /* LaunchScreen.storyboard */,
				A5AECA092AC6C8B8007F10AD /* Info.plist */,
			);
			path = VendingMachine;
			sourceTree = "<group>";
		};
		A5AECA112AC6C8B8007F10AD /* VendingMachineTests */ = {
			isa = PBXGroup;
			children = (
				A5AECA122AC6C8B8007F10AD /* VendingMachineTests.swift */,
			);
			path = VendingMachineTests;
			sourceTree = "<group>";
		};
		A5AECA1B2AC6C8B9007F10AD /* VendingMachineUITests */ = {
			isa = PBXGroup;
			children = (
				A5AECA1C2AC6C8B9007F10AD /* VendingMachineUITests.swift */,
				A5AECA1E2AC6C8B9007F10AD /* VendingMachineUITestsLaunchTests.swift */,
			);
			path = VendingMachineUITests;
			sourceTree = "<group>";
		};
/* End PBXGroup section */

/* Begin PBXNativeTarget section */
		A5AEC9F72AC6C8B5007F10AD /* VendingMachine */ = {
			isa = PBXNativeTarget;
			buildConfigurationList = A5AECA222AC6C8B9007F10AD /* Build configuration list for PBXNativeTarget "VendingMachine" */;
			buildPhases = (
				A5AEC9F42AC6C8B5007F10AD /* Sources */,
				A5AEC9F52AC6C8B5007F10AD /* Frameworks */,
				A5AEC9F62AC6C8B5007F10AD /* Resources */,
			);
			buildRules = (
			);
			dependencies = (
			);
			name = VendingMachine;
			productName = VendingMachine;
			productReference = A5AEC9F82AC6C8B5007F10AD /* VendingMachine.app */;
			productType = "com.apple.product-type.application";
		};
		A5AECA0D2AC6C8B8007F10AD /* VendingMachineTests */ = {
			isa = PBXNativeTarget;
			buildConfigurationList = A5AECA252AC6C8B9007F10AD /* Build configuration list for PBXNativeTarget "VendingMachineTests" */;
			buildPhases = (
				A5AECA0A2AC6C8B8007F10AD /* Sources */,
				A5AECA0B2AC6C8B8007F10AD /* Frameworks */,
				A5AECA0C2AC6C8B8007F10AD /* Resources */,
			);
			buildRules = (
			);
			dependencies = (
				A5AECA102AC6C8B8007F10AD /* PBXTargetDependency */,
			);
			name = VendingMachineTests;
			productName = VendingMachineTests;
			productReference = A5AECA0E2AC6C8B8007F10AD /* VendingMachineTests.xctest */;
			productType = "com.apple.product-type.bundle.unit-test";
		};
		A5AECA172AC6C8B9007F10AD /* VendingMachineUITests */ = {
			isa = PBXNativeTarget;
			buildConfigurationList = A5AECA282AC6C8B9007F10AD /* Build configuration list for PBXNativeTarget "VendingMachineUITests" */;
			buildPhases = (
				A5AECA142AC6C8B9007F10AD /* Sources */,
				A5AECA152AC6C8B9007F10AD /* Frameworks */,
				A5AECA162AC6C8B9007F10AD /* Resources */,
			);
			buildRules = (
			);
			dependencies = (
				A5AECA1A2AC6C8B9007F10AD /* PBXTargetDependency */,
			);
			name = VendingMachineUITests;
			productName = VendingMachineUITests;
			productReference = A5AECA182AC6C8B9007F10AD /* VendingMachineUITests.xctest */;
			productType = "com.apple.product-type.bundle.ui-testing";
		};
/* End PBXNativeTarget section */

/* Begin PBXProject section */
		A5AEC9F02AC6C8B5007F10AD /* Project object */ = {
			isa = PBXProject;
			attributes = {
				BuildIndependentTargetsInParallel = 1;
				LastSwiftUpdateCheck = 1430;
				LastUpgradeCheck = 1430;
				TargetAttributes = {
					A5AEC9F72AC6C8B5007F10AD = {
						CreatedOnToolsVersion = 14.3.1;
					};
					A5AECA0D2AC6C8B8007F10AD = {
						CreatedOnToolsVersion = 14.3.1;
						TestTargetID = A5AEC9F72AC6C8B5007F10AD;
					};
					A5AECA172AC6C8B9007F10AD = {
						CreatedOnToolsVersion = 14.3.1;
						TestTargetID = A5AEC9F72AC6C8B5007F10AD;
					};
				};
			};
			buildConfigurationList = A5AEC9F32AC6C8B5007F10AD /* Build configuration list for PBXProject "VendingMachine" */;
			compatibilityVersion = "Xcode 14.0";
			developmentRegion = en;
			hasScannedForEncodings = 0;
			knownRegions = (
				en,
				Base,
			);
			mainGroup = A5AEC9EF2AC6C8B5007F10AD;
			productRefGroup = A5AEC9F92AC6C8B5007F10AD /* Products */;
			projectDirPath = "";
			projectRoot = "";
			targets = (
				A5AEC9F72AC6C8B5007F10AD /* VendingMachine */,
				A5AECA0D2AC6C8B8007F10AD /* VendingMachineTests */,
				A5AECA172AC6C8B9007F10AD /* VendingMachineUITests */,
			);
		};
/* End PBXProject section */

/* Begin PBXResourcesBuildPhase section */
		A5AEC9F62AC6C8B5007F10AD /* Resources */ = {
			isa = PBXResourcesBuildPhase;
			buildActionMask = 2147483647;
			files = (
				A5AECA082AC6C8B8007F10AD /* LaunchScreen.storyboard in Resources */,
				A5AECA052AC6C8B8007F10AD /* Assets.xcassets in Resources */,
				A5AECA032AC6C8B5007F10AD /* Main.storyboard in Resources */,
			);
			runOnlyForDeploymentPostprocessing = 0;
		};
		A5AECA0C2AC6C8B8007F10AD /* Resources */ = {
			isa = PBXResourcesBuildPhase;
			buildActionMask = 2147483647;
			files = (
			);
			runOnlyForDeploymentPostprocessing = 0;
		};
		A5AECA162AC6C8B9007F10AD /* Resources */ = {
			isa = PBXResourcesBuildPhase;
			buildActionMask = 2147483647;
			files = (
			);
			runOnlyForDeploymentPostprocessing = 0;
		};
/* End PBXResourcesBuildPhase section */

/* Begin PBXSourcesBuildPhase section */
		A5AEC9F42AC6C8B5007F10AD /* Sources */ = {
			isa = PBXSourcesBuildPhase;
			buildActionMask = 2147483647;
			files = (
				A5AECA002AC6C8B5007F10AD /* ViewController.swift in Sources */,
				A5AEC9FC2AC6C8B5007F10AD /* AppDelegate.swift in Sources */,
				A5AEC9FE2AC6C8B5007F10AD /* SceneDelegate.swift in Sources */,
			);
			runOnlyForDeploymentPostprocessing = 0;
		};
		A5AECA0A2AC6C8B8007F10AD /* Sources */ = {
			isa = PBXSourcesBuildPhase;
			buildActionMask = 2147483647;
			files = (
				A5AECA132AC6C8B8007F10AD /* VendingMachineTests.swift in Sources */,
			);
			runOnlyForDeploymentPostprocessing = 0;
		};
		A5AECA142AC6C8B9007F10AD /* Sources */ = {
			isa = PBXSourcesBuildPhase;
			buildActionMask = 2147483647;
			files = (
				A5AECA1F2AC6C8B9007F10AD /* VendingMachineUITestsLaunchTests.swift in Sources */,
				A5AECA1D2AC6C8B9007F10AD /* VendingMachineUITests.swift in Sources */,
			);
			runOnlyForDeploymentPostprocessing = 0;
		};
/* End PBXSourcesBuildPhase section */

/* Begin PBXTargetDependency section */
		A5AECA102AC6C8B8007F10AD /* PBXTargetDependency */ = {
			isa = PBXTargetDependency;
			target = A5AEC9F72AC6C8B5007F10AD /* VendingMachine */;
			targetProxy = A5AECA0F2AC6C8B8007F10AD /* PBXContainerItemProxy */;
		};
		A5AECA1A2AC6C8B9007F10AD /* PBXTargetDependency */ = {
			isa = PBXTargetDependency;
			target = A5AEC9F72AC6C8B5007F10AD /* VendingMachine */;
			targetProxy = A5AECA192AC6C8B9007F10AD /* PBXContainerItemProxy */;
		};
/* End PBXTargetDependency section */

/* Begin PBXVariantGroup section */
		A5AECA012AC6C8B5007F10AD /* Main.storyboard */ = {
			isa = PBXVariantGroup;
			children = (
				A5AECA022AC6C8B5007F10AD /* Base */,
			);
			name = Main.storyboard;
			sourceTree = "<group>";
		};
		A5AECA062AC6C8B8007F10AD /* LaunchScreen.storyboard */ = {
			isa = PBXVariantGroup;
			children = (
				A5AECA072AC6C8B8007F10AD /* Base */,
			);
			name = LaunchScreen.storyboard;
			sourceTree = "<group>";
		};
/* End PBXVariantGroup section */

/* Begin XCBuildConfiguration section */
		A5AECA202AC6C8B9007F10AD /* Debug */ = {
			isa = XCBuildConfiguration;
			buildSettings = {
				ALWAYS_SEARCH_USER_PATHS = NO;
				CLANG_ANALYZER_NONNULL = YES;
				CLANG_ANALYZER_NUMBER_OBJECT_CONVERSION = YES_AGGRESSIVE;
				CLANG_CXX_LANGUAGE_STANDARD = "gnu++20";
				CLANG_ENABLE_MODULES = YES;
				CLANG_ENABLE_OBJC_ARC = YES;
				CLANG_ENABLE_OBJC_WEAK = YES;
				CLANG_WARN_BLOCK_CAPTURE_AUTORELEASING = YES;
				CLANG_WARN_BOOL_CONVERSION = YES;
				CLANG_WARN_COMMA = YES;
				CLANG_WARN_CONSTANT_CONVERSION = YES;
				CLANG_WARN_DEPRECATED_OBJC_IMPLEMENTATIONS = YES;
				CLANG_WARN_DIRECT_OBJC_ISA_USAGE = YES_ERROR;
				CLANG_WARN_DOCUMENTATION_COMMENTS = YES;
				CLANG_WARN_EMPTY_BODY = YES;
				CLANG_WARN_ENUM_CONVERSION = YES;
				CLANG_WARN_INFINITE_RECURSION = YES;
				CLANG_WARN_INT_CONVERSION = YES;
				CLANG_WARN_NON_LITERAL_NULL_CONVERSION = YES;
				CLANG_WARN_OBJC_IMPLICIT_RETAIN_SELF = YES;
				CLANG_WARN_OBJC_LITERAL_CONVERSION = YES;
				CLANG_WARN_OBJC_ROOT_CLASS = YES_ERROR;
				CLANG_WARN_QUOTED_INCLUDE_IN_FRAMEWORK_HEADER = YES;
				CLANG_WARN_RANGE_LOOP_ANALYSIS = YES;
				CLANG_WARN_STRICT_PROTOTYPES = YES;
				CLANG_WARN_SUSPICIOUS_MOVE = YES;
				CLANG_WARN_UNGUARDED_AVAILABILITY = YES_AGGRESSIVE;
				CLANG_WARN_UNREACHABLE_CODE = YES;
				CLANG_WARN__DUPLICATE_METHOD_MATCH = YES;
				COPY_PHASE_STRIP = NO;
				DEBUG_INFORMATION_FORMAT = dwarf;
				ENABLE_STRICT_OBJC_MSGSEND = YES;
				ENABLE_TESTABILITY = YES;
				GCC_C_LANGUAGE_STANDARD = gnu11;
				GCC_DYNAMIC_NO_PIC = NO;
				GCC_NO_COMMON_BLOCKS = YES;
				GCC_OPTIMIZATION_LEVEL = 0;
				GCC_PREPROCESSOR_DEFINITIONS = (
					"DEBUG=1",
					"$(inherited)",
				);
				GCC_WARN_64_TO_32_BIT_CONVERSION = YES;
				GCC_WARN_ABOUT_RETURN_TYPE = YES_ERROR;
				GCC_WARN_UNDECLARED_SELECTOR = YES;
				GCC_WARN_UNINITIALIZED_AUTOS = YES_AGGRESSIVE;
				GCC_WARN_UNUSED_FUNCTION = YES;
				GCC_WARN_UNUSED_VARIABLE = YES;
				IPHONEOS_DEPLOYMENT_TARGET = 16.4;
				MTL_ENABLE_DEBUG_INFO = INCLUDE_SOURCE;
				MTL_FAST_MATH = YES;
				ONLY_ACTIVE_ARCH = YES;
				SDKROOT = iphoneos;
				SWIFT_ACTIVE_COMPILATION_CONDITIONS = DEBUG;
				SWIFT_OPTIMIZATION_LEVEL = "-Onone";
			};
			name = Debug;
		};
		A5AECA212AC6C8B9007F10AD /* Release */ = {
			isa = XCBuildConfiguration;
			buildSettings = {
				ALWAYS_SEARCH_USER_PATHS = NO;
				CLANG_ANALYZER_NONNULL = YES;
				CLANG_ANALYZER_NUMBER_OBJECT_CONVERSION = YES_AGGRESSIVE;
				CLANG_CXX_LANGUAGE_STANDARD = "gnu++20";
				CLANG_ENABLE_MODULES = YES;
				CLANG_ENABLE_OBJC_ARC = YES;
				CLANG_ENABLE_OBJC_WEAK = YES;
				CLANG_WARN_BLOCK_CAPTURE_AUTORELEASING = YES;
				CLANG_WARN_BOOL_CONVERSION = YES;
				CLANG_WARN_COMMA = YES;
				CLANG_WARN_CONSTANT_CONVERSION = YES;
				CLANG_WARN_DEPRECATED_OBJC_IMPLEMENTATIONS = YES;
				CLANG_WARN_DIRECT_OBJC_ISA_USAGE = YES_ERROR;
				CLANG_WARN_DOCUMENTATION_COMMENTS = YES;
				CLANG_WARN_EMPTY_BODY = YES;
				CLANG_WARN_ENUM_CONVERSION = YES;
				CLANG_WARN_INFINITE_RECURSION = YES;
				CLANG_WARN_INT_CONVERSION = YES;
				CLANG_WARN_NON_LITERAL_NULL_CONVERSION = YES;
				CLANG_WARN_OBJC_IMPLICIT_RETAIN_SELF = YES;
				CLANG_WARN_OBJC_LITERAL_CONVERSION = YES;
				CLANG_WARN_OBJC_ROOT_CLASS = YES_ERROR;
				CLANG_WARN_QUOTED_INCLUDE_IN_FRAMEWORK_HEADER = YES;
				CLANG_WARN_RANGE_LOOP_ANALYSIS = YES;
				CLANG_WARN_STRICT_PROTOTYPES = YES;
				CLANG_WARN_SUSPICIOUS_MOVE = YES;
				CLANG_WARN_UNGUARDED_AVAILABILITY = YES_AGGRESSIVE;
				CLANG_WARN_UNREACHABLE_CODE = YES;
				CLANG_WARN__DUPLICATE_METHOD_MATCH = YES;
				COPY_PHASE_STRIP = NO;
				DEBUG_INFORMATION_FORMAT = "dwarf-with-dsym";
				ENABLE_NS_ASSERTIONS = NO;
				ENABLE_STRICT_OBJC_MSGSEND = YES;
				GCC_C_LANGUAGE_STANDARD = gnu11;
				GCC_NO_COMMON_BLOCKS = YES;
				GCC_WARN_64_TO_32_BIT_CONVERSION = YES;
				GCC_WARN_ABOUT_RETURN_TYPE = YES_ERROR;
				GCC_WARN_UNDECLARED_SELECTOR = YES;
				GCC_WARN_UNINITIALIZED_AUTOS = YES_AGGRESSIVE;
				GCC_WARN_UNUSED_FUNCTION = YES;
				GCC_WARN_UNUSED_VARIABLE = YES;
				IPHONEOS_DEPLOYMENT_TARGET = 16.4;
				MTL_ENABLE_DEBUG_INFO = NO;
				MTL_FAST_MATH = YES;
				SDKROOT = iphoneos;
				SWIFT_COMPILATION_MODE = wholemodule;
				SWIFT_OPTIMIZATION_LEVEL = "-O";
				VALIDATE_PRODUCT = YES;
			};
			name = Release;
		};
		A5AECA232AC6C8B9007F10AD /* Debug */ = {
			isa = XCBuildConfiguration;
			buildSettings = {
				ASSETCATALOG_COMPILER_APPICON_NAME = AppIcon;
				ASSETCATALOG_COMPILER_GLOBAL_ACCENT_COLOR_NAME = AccentColor;
				CODE_SIGN_STYLE = Automatic;
				CURRENT_PROJECT_VERSION = 1;
				GENERATE_INFOPLIST_FILE = YES;
				INFOPLIST_FILE = VendingMachine/Info.plist;
				INFOPLIST_KEY_UIApplicationSupportsIndirectInputEvents = YES;
				INFOPLIST_KEY_UILaunchStoryboardName = LaunchScreen;
				INFOPLIST_KEY_UIMainStoryboardFile = Main;
				INFOPLIST_KEY_UISupportedInterfaceOrientations_iPad = "UIInterfaceOrientationPortrait UIInterfaceOrientationPortraitUpsideDown UIInterfaceOrientationLandscapeLeft UIInterfaceOrientationLandscapeRight";
				INFOPLIST_KEY_UISupportedInterfaceOrientations_iPhone = "UIInterfaceOrientationPortrait UIInterfaceOrientationLandscapeLeft UIInterfaceOrientationLandscapeRight";
				LD_RUNPATH_SEARCH_PATHS = (
					"$(inherited)",
					"@executable_path/Frameworks",
				);
				MARKETING_VERSION = 1.0;
				PRODUCT_BUNDLE_IDENTIFIER = com.Ishida.VendingMachine;
				PRODUCT_NAME = "$(TARGET_NAME)";
				SWIFT_EMIT_LOC_STRINGS = YES;
				SWIFT_VERSION = 5.0;
				TARGETED_DEVICE_FAMILY = "1,2";
			};
			name = Debug;
		};
		A5AECA242AC6C8B9007F10AD /* Release */ = {
			isa = XCBuildConfiguration;
			buildSettings = {
				ASSETCATALOG_COMPILER_APPICON_NAME = AppIcon;
				ASSETCATALOG_COMPILER_GLOBAL_ACCENT_COLOR_NAME = AccentColor;
				CODE_SIGN_STYLE = Automatic;
				CURRENT_PROJECT_VERSION = 1;
				GENERATE_INFOPLIST_FILE = YES;
				INFOPLIST_FILE = VendingMachine/Info.plist;
				INFOPLIST_KEY_UIApplicationSupportsIndirectInputEvents = YES;
				INFOPLIST_KEY_UILaunchStoryboardName = LaunchScreen;
				INFOPLIST_KEY_UIMainStoryboardFile = Main;
				INFOPLIST_KEY_UISupportedInterfaceOrientations_iPad = "UIInterfaceOrientationPortrait UIInterfaceOrientationPortraitUpsideDown UIInterfaceOrientationLandscapeLeft UIInterfaceOrientationLandscapeRight";
				INFOPLIST_KEY_UISupportedInterfaceOrientations_iPhone = "UIInterfaceOrientationPortrait UIInterfaceOrientationLandscapeLeft UIInterfaceOrientationLandscapeRight";
				LD_RUNPATH_SEARCH_PATHS = (
					"$(inherited)",
					"@executable_path/Frameworks",
				);
				MARKETING_VERSION = 1.0;
				PRODUCT_BUNDLE_IDENTIFIER = com.Ishida.VendingMachine;
				PRODUCT_NAME = "$(TARGET_NAME)";
				SWIFT_EMIT_LOC_STRINGS = YES;
				SWIFT_VERSION = 5.0;
				TARGETED_DEVICE_FAMILY = "1,2";
			};
			name = Release;
		};
		A5AECA262AC6C8B9007F10AD /* Debug */ = {
			isa = XCBuildConfiguration;
			buildSettings = {
				ALWAYS_EMBED_SWIFT_STANDARD_LIBRARIES = YES;
				BUNDLE_LOADER = "$(TEST_HOST)";
				CODE_SIGN_STYLE = Automatic;
				CURRENT_PROJECT_VERSION = 1;
				GENERATE_INFOPLIST_FILE = YES;
				IPHONEOS_DEPLOYMENT_TARGET = 16.4;
				MARKETING_VERSION = 1.0;
				PRODUCT_BUNDLE_IDENTIFIER = com.Ishida.VendingMachineTests;
				PRODUCT_NAME = "$(TARGET_NAME)";
				SWIFT_EMIT_LOC_STRINGS = NO;
				SWIFT_VERSION = 5.0;
				TARGETED_DEVICE_FAMILY = "1,2";
				TEST_HOST = "$(BUILT_PRODUCTS_DIR)/VendingMachine.app/$(BUNDLE_EXECUTABLE_FOLDER_PATH)/VendingMachine";
			};
			name = Debug;
		};
		A5AECA272AC6C8B9007F10AD /* Release */ = {
			isa = XCBuildConfiguration;
			buildSettings = {
				ALWAYS_EMBED_SWIFT_STANDARD_LIBRARIES = YES;
				BUNDLE_LOADER = "$(TEST_HOST)";
				CODE_SIGN_STYLE = Automatic;
				CURRENT_PROJECT_VERSION = 1;
				GENERATE_INFOPLIST_FILE = YES;
				IPHONEOS_DEPLOYMENT_TARGET = 16.4;
				MARKETING_VERSION = 1.0;
				PRODUCT_BUNDLE_IDENTIFIER = com.Ishida.VendingMachineTests;
				PRODUCT_NAME = "$(TARGET_NAME)";
				SWIFT_EMIT_LOC_STRINGS = NO;
				SWIFT_VERSION = 5.0;
				TARGETED_DEVICE_FAMILY = "1,2";
				TEST_HOST = "$(BUILT_PRODUCTS_DIR)/VendingMachine.app/$(BUNDLE_EXECUTABLE_FOLDER_PATH)/VendingMachine";
			};
			name = Release;
		};
		A5AECA292AC6C8B9007F10AD /* Debug */ = {
			isa = XCBuildConfiguration;
			buildSettings = {
				ALWAYS_EMBED_SWIFT_STANDARD_LIBRARIES = YES;
				CODE_SIGN_STYLE = Automatic;
				CURRENT_PROJECT_VERSION = 1;
				GENERATE_INFOPLIST_FILE = YES;
				MARKETING_VERSION = 1.0;
				PRODUCT_BUNDLE_IDENTIFIER = com.Ishida.VendingMachineUITests;
				PRODUCT_NAME = "$(TARGET_NAME)";
				SWIFT_EMIT_LOC_STRINGS = NO;
				SWIFT_VERSION = 5.0;
				TARGETED_DEVICE_FAMILY = "1,2";
				TEST_TARGET_NAME = VendingMachine;
			};
			name = Debug;
		};
		A5AECA2A2AC6C8B9007F10AD /* Release */ = {
			isa = XCBuildConfiguration;
			buildSettings = {
				ALWAYS_EMBED_SWIFT_STANDARD_LIBRARIES = YES;
				CODE_SIGN_STYLE = Automatic;
				CURRENT_PROJECT_VERSION = 1;
				GENERATE_INFOPLIST_FILE = YES;
				MARKETING_VERSION = 1.0;
				PRODUCT_BUNDLE_IDENTIFIER = com.Ishida.VendingMachineUITests;
				PRODUCT_NAME = "$(TARGET_NAME)";
				SWIFT_EMIT_LOC_STRINGS = NO;
				SWIFT_VERSION = 5.0;
				TARGETED_DEVICE_FAMILY = "1,2";
				TEST_TARGET_NAME = VendingMachine;
			};
			name = Release;
		};
/* End XCBuildConfiguration section */

/* Begin XCConfigurationList section */
		A5AEC9F32AC6C8B5007F10AD /* Build configuration list for PBXProject "VendingMachine" */ = {
			isa = XCConfigurationList;
			buildConfigurations = (
				A5AECA202AC6C8B9007F10AD /* Debug */,
				A5AECA212AC6C8B9007F10AD /* Release */,
			);
			defaultConfigurationIsVisible = 0;
			defaultConfigurationName = Release;
		};
		A5AECA222AC6C8B9007F10AD /* Build configuration list for PBXNativeTarget "VendingMachine" */ = {
			isa = XCConfigurationList;
			buildConfigurations = (
				A5AECA232AC6C8B9007F10AD /* Debug */,
				A5AECA242AC6C8B9007F10AD /* Release */,
			);
			defaultConfigurationIsVisible = 0;
			defaultConfigurationName = Release;
		};
		A5AECA252AC6C8B9007F10AD /* Build configuration list for PBXNativeTarget "VendingMachineTests" */ = {
			isa = XCConfigurationList;
			buildConfigurations = (
				A5AECA262AC6C8B9007F10AD /* Debug */,
				A5AECA272AC6C8B9007F10AD /* Release */,
			);
			defaultConfigurationIsVisible = 0;
			defaultConfigurationName = Release;
		};
		A5AECA282AC6C8B9007F10AD /* Build configuration list for PBXNativeTarget "VendingMachineUITests" */ = {
			isa = XCConfigurationList;
			buildConfigurations = (
				A5AECA292AC6C8B9007F10AD /* Debug */,
				A5AECA2A2AC6C8B9007F10AD /* Release */,
			);
			defaultConfigurationIsVisible = 0;
			defaultConfigurationName = Release;
		};
/* End XCConfigurationList section */
	};
	rootObject = A5AEC9F02AC6C8B5007F10AD /* Project object */;
}
